
Microsoft Visual Studio Solution File, Format Version 12.00
# Visual Studio 15
VisualStudioVersion = 15.0.28307.902
MinimumVisualStudioVersion = 10.0.40219.1
Project("{FAE04EC0-301F-11D3-BF4B-00C04F79EFBC}") = "DesignPatternDemo", "DesignPatternDemo\DesignPatternDemo.csproj", "{10DF5E7C-9920-4DF4-8DD4-D315B0112554}"
EndProject
Global
	GlobalSection(SolutionConfigurationPlatforms) = preSolution
		Debug|Any CPU = Debug|Any CPU
		Release|Any CPU = Release|Any CPU
	EndGlobalSection
	GlobalSection(ProjectConfigurationPlatforms) = postSolution
		{10DF5E7C-9920-4DF4-8DD4-D315B0112554}.Debug|Any CPU.ActiveCfg = Debug|Any CPU
		{10DF5E7C-9920-4DF4-8DD4-D315B0112554}.Debug|Any CPU.Build.0 = Debug|Any CPU
		{10DF5E7C-9920-4DF4-8DD4-D315B0112554}.Release|Any CPU.ActiveCfg = Release|Any CPU
		{10DF5E7C-9920-4DF4-8DD4-D315B0112554}.Release|Any CPU.Build.0 = Release|Any CPU
	EndGlobalSection
	GlobalSection(SolutionProperties) = preSolution
		HideSolutionNode = FALSE
	EndGlobalSection
	GlobalSection(ExtensibilityGlobals) = postSolution
		SolutionGuid = {40EB5376-D71C-4309-A7E2-1E0C9FCFC70A}
	EndGlobalSection
EndGlobal
